
Microsoft Visual Studio Solution File, Format Version 12.00
# Visual Studio Version 16
VisualStudioVersion = 16.0.29519.87
MinimumVisualStudioVersion = 10.0.40219.1
Project("{FAE04EC0-301F-11D3-BF4B-00C04F79EFBC}") = "chess-console", "chess-console\chess-console.csproj", "{4776A2B1-6D18-4D1D-94A3-DDC75B535099}"
EndProject
Global
	GlobalSection(SolutionConfigurationPlatforms) = preSolution
		Debug|Any CPU = Debug|Any CPU
		Release|Any CPU = Release|Any CPU
	EndGlobalSection
	GlobalSection(ProjectConfigurationPlatforms) = postSolution
		{4776A2B1-6D18-4D1D-94A3-DDC75B535099}.Debug|Any CPU.ActiveCfg = Debug|Any CPU
		{4776A2B1-6D18-4D1D-94A3-DDC75B535099}.Debug|Any CPU.Build.0 = Debug|Any CPU
		{4776A2B1-6D18-4D1D-94A3-DDC75B535099}.Release|Any CPU.ActiveCfg = Release|Any CPU
		{4776A2B1-6D18-4D1D-94A3-DDC75B535099}.Release|Any CPU.Build.0 = Release|Any CPU
	EndGlobalSection
	GlobalSection(SolutionProperties) = preSolution
		HideSolutionNode = FALSE
	EndGlobalSection
	GlobalSection(ExtensibilityGlobals) = postSolution
		SolutionGuid = {38CE1033-A573-410E-8675-F2BF8B99967E}
	EndGlobalSection
EndGlobal
